
Microsoft Visual Studio Solution File, Format Version 12.00
# Visual Studio Version 17
VisualStudioVersion = 17.4.33103.184
MinimumVisualStudioVersion = 10.0.40219.1
Project("{FAE04EC0-301F-11D3-BF4B-00C04F79EFBC}") = "CG.Interface", "CG.Interface\CG.Interface.csproj", "{47FB4214-5E35-4714-A584-E80C971D6AB8}"
EndProject
Project("{FAE04EC0-301F-11D3-BF4B-00C04F79EFBC}") = "CG.Domain", "CG.Domain\CG.Domain.csproj", "{66DA2E2F-9FF8-4483-AD40-96B8DC34F315}"
EndProject
Project("{FAE04EC0-301F-11D3-BF4B-00C04F79EFBC}") = "CG.CqrsCrud", "CG.CqrsCrud\CG.CqrsCrud.csproj", "{35242CE7-C109-4A1B-8450-13AFA2C9A279}"
EndProject
Global
	GlobalSection(SolutionConfigurationPlatforms) = preSolution
		Debug|Any CPU = Debug|Any CPU
		Release|Any CPU = Release|Any CPU
	EndGlobalSection
	GlobalSection(ProjectConfigurationPlatforms) = postSolution
		{47FB4214-5E35-4714-A584-E80C971D6AB8}.Debug|Any CPU.ActiveCfg = Debug|Any CPU
		{47FB4214-5E35-4714-A584-E80C971D6AB8}.Debug|Any CPU.Build.0 = Debug|Any CPU
		{47FB4214-5E35-4714-A584-E80C971D6AB8}.Release|Any CPU.ActiveCfg = Release|Any CPU
		{47FB4214-5E35-4714-A584-E80C971D6AB8}.Release|Any CPU.Build.0 = Release|Any CPU
		{66DA2E2F-9FF8-4483-AD40-96B8DC34F315}.Debug|Any CPU.ActiveCfg = Debug|Any CPU
		{66DA2E2F-9FF8-4483-AD40-96B8DC34F315}.Debug|Any CPU.Build.0 = Debug|Any CPU
		{66DA2E2F-9FF8-4483-AD40-96B8DC34F315}.Release|Any CPU.ActiveCfg = Release|Any CPU
		{66DA2E2F-9FF8-4483-AD40-96B8DC34F315}.Release|Any CPU.Build.0 = Release|Any CPU
		{35242CE7-C109-4A1B-8450-13AFA2C9A279}.Debug|Any CPU.ActiveCfg = Debug|Any CPU
		{35242CE7-C109-4A1B-8450-13AFA2C9A279}.Debug|Any CPU.Build.0 = Debug|Any CPU
		{35242CE7-C109-4A1B-8450-13AFA2C9A279}.Release|Any CPU.ActiveCfg = Release|Any CPU
		{35242CE7-C109-4A1B-8450-13AFA2C9A279}.Release|Any CPU.Build.0 = Release|Any CPU
	EndGlobalSection
	GlobalSection(SolutionProperties) = preSolution
		HideSolutionNode = FALSE
	EndGlobalSection
	GlobalSection(ExtensibilityGlobals) = postSolution
		SolutionGuid = {71DDF9A0-6E21-4856-ABAB-BF78F42A7781}
	EndGlobalSection
EndGlobal
